
Microsoft Visual Studio Solution File, Format Version 12.00
# Visual Studio Version 17
VisualStudioVersion = 17.2.32630.192
MinimumVisualStudioVersion = 10.0.40219.1
Project("{9A19103F-16F7-4668-BE54-9A1E7A4F7556}") = "SkillTest", "SkillTest.csproj", "{D080165A-4B74-43FB-B75F-7F6D37A4BF90}"
EndProject
Global
	GlobalSection(SolutionConfigurationPlatforms) = preSolution
		Debug|Any CPU = Debug|Any CPU
		Release|Any CPU = Release|Any CPU
	EndGlobalSection
	GlobalSection(ProjectConfigurationPlatforms) = postSolution
		{D080165A-4B74-43FB-B75F-7F6D37A4BF90}.Debug|Any CPU.ActiveCfg = Debug|Any CPU
		{D080165A-4B74-43FB-B75F-7F6D37A4BF90}.Debug|Any CPU.Build.0 = Debug|Any CPU
		{D080165A-4B74-43FB-B75F-7F6D37A4BF90}.Release|Any CPU.ActiveCfg = Release|Any CPU
		{D080165A-4B74-43FB-B75F-7F6D37A4BF90}.Release|Any CPU.Build.0 = Release|Any CPU
	EndGlobalSection
	GlobalSection(SolutionProperties) = preSolution
		HideSolutionNode = FALSE
	EndGlobalSection
	GlobalSection(ExtensibilityGlobals) = postSolution
		SolutionGuid = {1EC12B30-05EE-4BD3-8E83-0D33E02FE044}
	EndGlobalSection
EndGlobal
